// !$*UTF8*$!
{
	archiveVersion = 1;
	classes = {
	};
	objectVersion = 50;
	objects = {

/* Begin PBXBuildFile section */
		031743FA22FB6FC700D65FA9 /* Lesson3.h in Sources */ = {isa = PBXBuildFile; fileRef = 031743F822FB6FC700D65FA9 /* Lesson3.h */; };
		0317440122FB725700D65FA9 /* Lesson4.h in Sources */ = {isa = PBXBuildFile; fileRef = 0317440022FB725700D65FA9 /* Lesson4.h */; };
		0317440C22FB7DAD00D65FA9 /* Lesson7.h in Sources */ = {isa = PBXBuildFile; fileRef = 0317440B22FB7DAD00D65FA9 /* Lesson7.h */; };
		0317440F22FB85C900D65FA9 /* Lesson8.h in Sources */ = {isa = PBXBuildFile; fileRef = 0317440E22FB85C900D65FA9 /* Lesson8.h */; };
		033E8B3921A8711B00805E4F /* main.c in Sources */ = {isa = PBXBuildFile; fileRef = 033E8B3821A8711B00805E4F /* main.c */; };
/* End PBXBuildFile section */

/* Begin PBXCopyFilesBuildPhase section */
		033E8B3321A8711B00805E4F /* CopyFiles */ = {
			isa = PBXCopyFilesBuildPhase;
			buildActionMask = 2147483647;
			dstPath = /usr/share/man/man1/;
			dstSubfolderSpec = 0;
			files = (
			);
			runOnlyForDeploymentPostprocessing = 1;
		};
/* End PBXCopyFilesBuildPhase section */

/* Begin PBXFileReference section */
		031743EC22FB673D00D65FA9 /* Lesson1.h */ = {isa = PBXFileReference; lastKnownFileType = sourcecode.c.h; path = Lesson1.h; sourceTree = "<group>"; };
		031743F222FB6B3100D65FA9 /* Lesson2.h */ = {isa = PBXFileReference; lastKnownFileType = sourcecode.c.h; path = Lesson2.h; sourceTree = "<group>"; };
		031743F822FB6FC700D65FA9 /* Lesson3.h */ = {isa = PBXFileReference; fileEncoding = 4; lastKnownFileType = sourcecode.c.h; path = Lesson3.h; sourceTree = "<group>"; };
		0317440022FB725700D65FA9 /* Lesson4.h */ = {isa = PBXFileReference; lastKnownFileType = sourcecode.c.h; path = Lesson4.h; sourceTree = "<group>"; };
		0317440222FB74B200D65FA9 /* Lesson5.h */ = {isa = PBXFileReference; lastKnownFileType = sourcecode.c.h; path = Lesson5.h; sourceTree = "<group>"; };
		0317440522FB772200D65FA9 /* data.txt */ = {isa = PBXFileReference; fileEncoding = 4; lastKnownFileType = text; path = data.txt; sourceTree = "<group>"; };
		0317440622FB772D00D65FA9 /* stud.txt */ = {isa = PBXFileReference; fileEncoding = 4; lastKnownFileType = text; path = stud.txt; sourceTree = "<group>"; };
		0317440722FB773E00D65FA9 /* Lesson6.h */ = {isa = PBXFileReference; lastKnownFileType = sourcecode.c.h; path = Lesson6.h; sourceTree = "<group>"; };
		0317440B22FB7DAD00D65FA9 /* Lesson7.h */ = {isa = PBXFileReference; lastKnownFileType = sourcecode.c.h; path = Lesson7.h; sourceTree = "<group>"; };
		0317440D22FB7EF200D65FA9 /* Matrix.txt */ = {isa = PBXFileReference; lastKnownFileType = text; path = Matrix.txt; sourceTree = "<group>"; };
		0317440E22FB85C900D65FA9 /* Lesson8.h */ = {isa = PBXFileReference; lastKnownFileType = sourcecode.c.h; path = Lesson8.h; sourceTree = "<group>"; };
		033E8B3521A8711B00805E4F /* AiSD */ = {isa = PBXFileReference; explicitFileType = "compiled.mach-o.executable"; includeInIndex = 0; path = AiSD; sourceTree = BUILT_PRODUCTS_DIR; };
		033E8B3821A8711B00805E4F /* main.c */ = {isa = PBXFileReference; lastKnownFileType = sourcecode.c.c; path = main.c; sourceTree = "<group>"; };
/* End PBXFileReference section */

/* Begin PBXFrameworksBuildPhase section */
		033E8B3221A8711B00805E4F /* Frameworks */ = {
			isa = PBXFrameworksBuildPhase;
			buildActionMask = 2147483647;
			files = (
			);
			runOnlyForDeploymentPostprocessing = 0;
		};
/* End PBXFrameworksBuildPhase section */

/* Begin PBXGroup section */
		033E8B2C21A8711B00805E4F = {
			isa = PBXGroup;
			children = (
				033E8B3721A8711B00805E4F /* AiSD */,
				033E8B3621A8711B00805E4F /* Products */,
			);
			sourceTree = "<group>";
		};
		033E8B3621A8711B00805E4F /* Products */ = {
			isa = PBXGroup;
			children = (
				033E8B3521A8711B00805E4F /* AiSD */,
			);
			name = Products;
			sourceTree = "<group>";
		};
		033E8B3721A8711B00805E4F /* AiSD */ = {
			isa = PBXGroup;
			children = (
				033E8B3821A8711B00805E4F /* main.c */,
				031743EC22FB673D00D65FA9 /* Lesson1.h */,
				031743F222FB6B3100D65FA9 /* Lesson2.h */,
				031743F822FB6FC700D65FA9 /* Lesson3.h */,
				0317440022FB725700D65FA9 /* Lesson4.h */,
				0317440222FB74B200D65FA9 /* Lesson5.h */,
				0317440522FB772200D65FA9 /* data.txt */,
				0317440622FB772D00D65FA9 /* stud.txt */,
				0317440722FB773E00D65FA9 /* Lesson6.h */,
				0317440D22FB7EF200D65FA9 /* Matrix.txt */,
				0317440B22FB7DAD00D65FA9 /* Lesson7.h */,
				0317440E22FB85C900D65FA9 /* Lesson8.h */,
			);
			path = AiSD;
			sourceTree = "<group>";
		};
/* End PBXGroup section */

/* Begin PBXNativeTarget section */
		033E8B3421A8711B00805E4F /* AiSD */ = {
			isa = PBXNativeTarget;
			buildConfigurationList = 033E8B3C21A8711B00805E4F /* Build configuration list for PBXNativeTarget "AiSD" */;
			buildPhases = (
				033E8B3121A8711B00805E4F /* Sources */,
				033E8B3221A8711B00805E4F /* Frameworks */,
				033E8B3321A8711B00805E4F /* CopyFiles */,
			);
			buildRules = (
			);
			dependencies = (
			);
			name = AiSD;
			productName = C1l_Barinov;
			productReference = 033E8B3521A8711B00805E4F /* AiSD */;
			productType = "com.apple.product-type.tool";
		};
/* End PBXNativeTarget section */

/* Begin PBXProject section */
		033E8B2D21A8711B00805E4F /* Project object */ = {
			isa = PBXProject;
			attributes = {
				LastUpgradeCheck = 1010;
				ORGANIZATIONNAME = "Денис Баринов";
				TargetAttributes = {
					033E8B3421A8711B00805E4F = {
						CreatedOnToolsVersion = 10.1;
					};
				};
			};
			buildConfigurationList = 033E8B3021A8711B00805E4F /* Build configuration list for PBXProject "AiSD" */;
			compatibilityVersion = "Xcode 9.3";
			developmentRegion = en;
			hasScannedForEncodings = 0;
			knownRegions = (
				en,
				Base,
			);
			mainGroup = 033E8B2C21A8711B00805E4F;
			productRefGroup = 033E8B3621A8711B00805E4F /* Products */;
			projectDirPath = "";
			projectRoot = "";
			targets = (
				033E8B3421A8711B00805E4F /* AiSD */,
			);
		};
/* End PBXProject section */

/* Begin PBXSourcesBuildPhase section */
		033E8B3121A8711B00805E4F /* Sources */ = {
			isa = PBXSourcesBuildPhase;
			buildActionMask = 2147483647;
			files = (
				0317440F22FB85C900D65FA9 /* Lesson8.h in Sources */,
				0317440122FB725700D65FA9 /* Lesson4.h in Sources */,
				0317440C22FB7DAD00D65FA9 /* Lesson7.h in Sources */,
				033E8B3921A8711B00805E4F /* main.c in Sources */,
				031743FA22FB6FC700D65FA9 /* Lesson3.h in Sources */,
			);
			runOnlyForDeploymentPostprocessing = 0;
		};
/* End PBXSourcesBuildPhase section */

/* Begin XCBuildConfiguration section */
		033E8B3A21A8711B00805E4F /* Debug */ = {
			isa = XCBuildConfiguration;
			buildSettings = {
				ALWAYS_SEARCH_USER_PATHS = NO;
				CLANG_ANALYZER_NONNULL = YES;
				CLANG_ANALYZER_NUMBER_OBJECT_CONVERSION = YES_AGGRESSIVE;
				CLANG_CXX_LANGUAGE_STANDARD = "gnu++14";
				CLANG_CXX_LIBRARY = "libc++";
				CLANG_ENABLE_MODULES = YES;
				CLANG_ENABLE_OBJC_ARC = YES;
				CLANG_ENABLE_OBJC_WEAK = YES;
				CLANG_WARN_BLOCK_CAPTURE_AUTORELEASING = YES;
				CLANG_WARN_BOOL_CONVERSION = YES;
				CLANG_WARN_COMMA = YES;
				CLANG_WARN_CONSTANT_CONVERSION = YES;
				CLANG_WARN_DEPRECATED_OBJC_IMPLEMENTATIONS = YES;
				CLANG_WARN_DIRECT_OBJC_ISA_USAGE = YES_ERROR;
				CLANG_WARN_DOCUMENTATION_COMMENTS = YES;
				CLANG_WARN_EMPTY_BODY = YES;
				CLANG_WARN_ENUM_CONVERSION = YES;
				CLANG_WARN_INFINITE_RECURSION = YES;
				CLANG_WARN_INT_CONVERSION = YES;
				CLANG_WARN_NON_LITERAL_NULL_CONVERSION = YES;
				CLANG_WARN_OBJC_IMPLICIT_RETAIN_SELF = YES;
				CLANG_WARN_OBJC_LITERAL_CONVERSION = YES;
				CLANG_WARN_OBJC_ROOT_CLASS = YES_ERROR;
				CLANG_WARN_RANGE_LOOP_ANALYSIS = YES;
				CLANG_WARN_STRICT_PROTOTYPES = YES;
				CLANG_WARN_SUSPICIOUS_MOVE = YES;
				CLANG_WARN_UNGUARDED_AVAILABILITY = YES_AGGRESSIVE;
				CLANG_WARN_UNREACHABLE_CODE = YES;
				CLANG_WARN__DUPLICATE_METHOD_MATCH = YES;
				CODE_SIGN_IDENTITY = "Mac Developer";
				COPY_PHASE_STRIP = NO;
				DEBUG_INFORMATION_FORMAT = dwarf;
				ENABLE_STRICT_OBJC_MSGSEND = YES;
				ENABLE_TESTABILITY = YES;
				GCC_C_LANGUAGE_STANDARD = gnu11;
				GCC_DYNAMIC_NO_PIC = NO;
				GCC_NO_COMMON_BLOCKS = YES;
				GCC_OPTIMIZATION_LEVEL = 0;
				GCC_PREPROCESSOR_DEFINITIONS = (
					"DEBUG=1",
					"$(inherited)",
				);
				GCC_WARN_64_TO_32_BIT_CONVERSION = YES;
				GCC_WARN_ABOUT_RETURN_TYPE = YES_ERROR;
				GCC_WARN_UNDECLARED_SELECTOR = YES;
				GCC_WARN_UNINITIALIZED_AUTOS = YES_AGGRESSIVE;
				GCC_WARN_UNUSED_FUNCTION = YES;
				GCC_WARN_UNUSED_VARIABLE = YES;
				MACOSX_DEPLOYMENT_TARGET = 10.14;
				MTL_ENABLE_DEBUG_INFO = INCLUDE_SOURCE;
				MTL_FAST_MATH = YES;
				ONLY_ACTIVE_ARCH = YES;
				SDKROOT = macosx;
			};
			name = Debug;
		};
		033E8B3B21A8711B00805E4F /* Release */ = {
			isa = XCBuildConfiguration;
			buildSettings = {
				ALWAYS_SEARCH_USER_PATHS = NO;
				CLANG_ANALYZER_NONNULL = YES;
				CLANG_ANALYZER_NUMBER_OBJECT_CONVERSION = YES_AGGRESSIVE;
				CLANG_CXX_LANGUAGE_STANDARD = "gnu++14";
				CLANG_CXX_LIBRARY = "libc++";
				CLANG_ENABLE_MODULES = YES;
				CLANG_ENABLE_OBJC_ARC = YES;
				CLANG_ENABLE_OBJC_WEAK = YES;
				CLANG_WARN_BLOCK_CAPTURE_AUTORELEASING = YES;
				CLANG_WARN_BOOL_CONVERSION = YES;
				CLANG_WARN_COMMA = YES;
				CLANG_WARN_CONSTANT_CONVERSION = YES;
				CLANG_WARN_DEPRECATED_OBJC_IMPLEMENTATIONS = YES;
				CLANG_WARN_DIRECT_OBJC_ISA_USAGE = YES_ERROR;
				CLANG_WARN_DOCUMENTATION_COMMENTS = YES;
				CLANG_WARN_EMPTY_BODY = YES;
				CLANG_WARN_ENUM_CONVERSION = YES;
				CLANG_WARN_INFINITE_RECURSION = YES;
				CLANG_WARN_INT_CONVERSION = YES;
				CLANG_WARN_NON_LITERAL_NULL_CONVERSION = YES;
				CLANG_WARN_OBJC_IMPLICIT_RETAIN_SELF = YES;
				CLANG_WARN_OBJC_LITERAL_CONVERSION = YES;
				CLANG_WARN_OBJC_ROOT_CLASS = YES_ERROR;
				CLANG_WARN_RANGE_LOOP_ANALYSIS = YES;
				CLANG_WARN_STRICT_PROTOTYPES = YES;
				CLANG_WARN_SUSPICIOUS_MOVE = YES;
				CLANG_WARN_UNGUARDED_AVAILABILITY = YES_AGGRESSIVE;
				CLANG_WARN_UNREACHABLE_CODE = YES;
				CLANG_WARN__DUPLICATE_METHOD_MATCH = YES;
				CODE_SIGN_IDENTITY = "Mac Developer";
				COPY_PHASE_STRIP = NO;
				DEBUG_INFORMATION_FORMAT = "dwarf-with-dsym";
				ENABLE_NS_ASSERTIONS = NO;
				ENABLE_STRICT_OBJC_MSGSEND = YES;
				GCC_C_LANGUAGE_STANDARD = gnu11;
				GCC_NO_COMMON_BLOCKS = YES;
				GCC_WARN_64_TO_32_BIT_CONVERSION = YES;
				GCC_WARN_ABOUT_RETURN_TYPE = YES_ERROR;
				GCC_WARN_UNDECLARED_SELECTOR = YES;
				GCC_WARN_UNINITIALIZED_AUTOS = YES_AGGRESSIVE;
				GCC_WARN_UNUSED_FUNCTION = YES;
				GCC_WARN_UNUSED_VARIABLE = YES;
				MACOSX_DEPLOYMENT_TARGET = 10.14;
				MTL_ENABLE_DEBUG_INFO = NO;
				MTL_FAST_MATH = YES;
				SDKROOT = macosx;
			};
			name = Release;
		};
		033E8B3D21A8711B00805E4F /* Debug */ = {
			isa = XCBuildConfiguration;
			buildSettings = {
				CODE_SIGN_STYLE = Automatic;
				DEVELOPMENT_TEAM = SJ69ZFHT28;
				PRODUCT_NAME = "$(TARGET_NAME)";
			};
			name = Debug;
		};
		033E8B3E21A8711B00805E4F /* Release */ = {
			isa = XCBuildConfiguration;
			buildSettings = {
				CODE_SIGN_STYLE = Automatic;
				DEVELOPMENT_TEAM = SJ69ZFHT28;
				PRODUCT_NAME = "$(TARGET_NAME)";
			};
			name = Release;
		};
/* End XCBuildConfiguration section */

/* Begin XCConfigurationList section */
		033E8B3021A8711B00805E4F /* Build configuration list for PBXProject "AiSD" */ = {
			isa = XCConfigurationList;
			buildConfigurations = (
				033E8B3A21A8711B00805E4F /* Debug */,
				033E8B3B21A8711B00805E4F /* Release */,
			);
			defaultConfigurationIsVisible = 0;
			defaultConfigurationName = Release;
		};
		033E8B3C21A8711B00805E4F /* Build configuration list for PBXNativeTarget "AiSD" */ = {
			isa = XCConfigurationList;
			buildConfigurations = (
				033E8B3D21A8711B00805E4F /* Debug */,
				033E8B3E21A8711B00805E4F /* Release */,
			);
			defaultConfigurationIsVisible = 0;
			defaultConfigurationName = Release;
		};
/* End XCConfigurationList section */
	};
	rootObject = 033E8B2D21A8711B00805E4F /* Project object */;
}
